
Microsoft Visual Studio Solution File, Format Version 12.00
# Visual Studio 15
VisualStudioVersion = 15.0.27703.2035
MinimumVisualStudioVersion = 10.0.40219.1
Project("{FAE04EC0-301F-11D3-BF4B-00C04F79EFBC}") = "api.imjay.net", "api.imjay.net\api.imjay.net.csproj", "{E2568599-EE4D-4CB6-AC6C-09205E0269FC}"
EndProject
Global
	GlobalSection(SolutionConfigurationPlatforms) = preSolution
		Debug|Any CPU = Debug|Any CPU
		Release|Any CPU = Release|Any CPU
	EndGlobalSection
	GlobalSection(ProjectConfigurationPlatforms) = postSolution
		{E2568599-EE4D-4CB6-AC6C-09205E0269FC}.Debug|Any CPU.ActiveCfg = Debug|Any CPU
		{E2568599-EE4D-4CB6-AC6C-09205E0269FC}.Debug|Any CPU.Build.0 = Debug|Any CPU
		{E2568599-EE4D-4CB6-AC6C-09205E0269FC}.Release|Any CPU.ActiveCfg = Release|Any CPU
		{E2568599-EE4D-4CB6-AC6C-09205E0269FC}.Release|Any CPU.Build.0 = Release|Any CPU
	EndGlobalSection
	GlobalSection(SolutionProperties) = preSolution
		HideSolutionNode = FALSE
	EndGlobalSection
	GlobalSection(ExtensibilityGlobals) = postSolution
		SolutionGuid = {1BE9E152-861F-4BA4-BEE3-BC050C692B07}
	EndGlobalSection
EndGlobal
